
Microsoft Visual Studio Solution File, Format Version 12.00
# Visual Studio Version 16
VisualStudioVersion = 16.0.29519.87
MinimumVisualStudioVersion = 10.0.40219.1
Project("{FAE04EC0-301F-11D3-BF4B-00C04F79EFBC}") = "AutomatyzacjaZima2019", "AutomatyzacjaZima2019\AutomatyzacjaZima2019.csproj", "{F4BCE487-873F-4963-A7C5-4E687C088492}"
EndProject
Project("{FAE04EC0-301F-11D3-BF4B-00C04F79EFBC}") = "PageObjectsExample", "PageObjectsExample\PageObjectsExample.csproj", "{D5A36DD8-F9B6-4330-BD62-05571C12441D}"
EndProject
Global
	GlobalSection(SolutionConfigurationPlatforms) = preSolution
		Debug|Any CPU = Debug|Any CPU
		Release|Any CPU = Release|Any CPU
	EndGlobalSection
	GlobalSection(ProjectConfigurationPlatforms) = postSolution
		{F4BCE487-873F-4963-A7C5-4E687C088492}.Debug|Any CPU.ActiveCfg = Debug|Any CPU
		{F4BCE487-873F-4963-A7C5-4E687C088492}.Debug|Any CPU.Build.0 = Debug|Any CPU
		{F4BCE487-873F-4963-A7C5-4E687C088492}.Release|Any CPU.ActiveCfg = Release|Any CPU
		{F4BCE487-873F-4963-A7C5-4E687C088492}.Release|Any CPU.Build.0 = Release|Any CPU
		{D5A36DD8-F9B6-4330-BD62-05571C12441D}.Debug|Any CPU.ActiveCfg = Debug|Any CPU
		{D5A36DD8-F9B6-4330-BD62-05571C12441D}.Debug|Any CPU.Build.0 = Debug|Any CPU
		{D5A36DD8-F9B6-4330-BD62-05571C12441D}.Release|Any CPU.ActiveCfg = Release|Any CPU
		{D5A36DD8-F9B6-4330-BD62-05571C12441D}.Release|Any CPU.Build.0 = Release|Any CPU
	EndGlobalSection
	GlobalSection(SolutionProperties) = preSolution
		HideSolutionNode = FALSE
	EndGlobalSection
	GlobalSection(ExtensibilityGlobals) = postSolution
		SolutionGuid = {F9ED8083-6E1C-4EF7-8758-299AB3535833}
	EndGlobalSection
EndGlobal
